
Microsoft Visual Studio Solution File, Format Version 12.00
Project("{FAE04EC0-301F-11D3-BF4B-00C04F79EFBC}") = "ExerciseTracker", "ExerciseTracker\ExerciseTracker.csproj", "{837AE201-C89D-4F1D-B2EC-01F9B3C62F2A}"
EndProject
Project("{FAE04EC0-301F-11D3-BF4B-00C04F79EFBC}") = "ExerciseTracker.Domain", "ExerciseTracker.Domain\ExerciseTracker.Domain.csproj", "{F7C215DC-96D2-47C9-8269-171D88F36E1F}"
EndProject
Project("{FAE04EC0-301F-11D3-BF4B-00C04F79EFBC}") = "ExerciseTracker.Infrastructure.DataAccess", "ExerciseTracker.Infrastructure.DataAccess\ExerciseTracker.Infrastructure.DataAccess.csproj", "{6C9A49A1-A5DB-4D32-917D-0AD6DD4BC730}"
EndProject
Project("{FAE04EC0-301F-11D3-BF4B-00C04F79EFBC}") = "ExerciseTracker.MVVM", "ExerciseTracker.MVVM\ExerciseTracker.MVVM.csproj", "{E90DFAFC-CF10-43C0-AA6A-A3EB2752E959}"
EndProject
Project("{2150E333-8FDC-42A3-9474-1A3956D46DE8}") = "Application", "Application", "{85BC74E0-E143-4CD1-84E2-7B2D2A8B5EEB}"
EndProject
Project("{2150E333-8FDC-42A3-9474-1A3956D46DE8}") = "Domain", "Domain", "{CDA6CB47-265B-4472-833E-8043A940CEF7}"
EndProject
Project("{2150E333-8FDC-42A3-9474-1A3956D46DE8}") = "Infrastructure", "Infrastructure", "{F24D794F-0B11-4B73-9173-0AFB6C828D65}"
EndProject
Global
	GlobalSection(SolutionConfigurationPlatforms) = preSolution
		Debug|Any CPU = Debug|Any CPU
		Release|Any CPU = Release|Any CPU
	EndGlobalSection
	GlobalSection(ProjectConfigurationPlatforms) = postSolution
		{837AE201-C89D-4F1D-B2EC-01F9B3C62F2A}.Debug|Any CPU.ActiveCfg = Debug|Any CPU
		{837AE201-C89D-4F1D-B2EC-01F9B3C62F2A}.Debug|Any CPU.Build.0 = Debug|Any CPU
		{837AE201-C89D-4F1D-B2EC-01F9B3C62F2A}.Release|Any CPU.ActiveCfg = Release|Any CPU
		{837AE201-C89D-4F1D-B2EC-01F9B3C62F2A}.Release|Any CPU.Build.0 = Release|Any CPU
		{F7C215DC-96D2-47C9-8269-171D88F36E1F}.Debug|Any CPU.ActiveCfg = Debug|Any CPU
		{F7C215DC-96D2-47C9-8269-171D88F36E1F}.Debug|Any CPU.Build.0 = Debug|Any CPU
		{F7C215DC-96D2-47C9-8269-171D88F36E1F}.Release|Any CPU.ActiveCfg = Release|Any CPU
		{F7C215DC-96D2-47C9-8269-171D88F36E1F}.Release|Any CPU.Build.0 = Release|Any CPU
		{6C9A49A1-A5DB-4D32-917D-0AD6DD4BC730}.Debug|Any CPU.ActiveCfg = Debug|Any CPU
		{6C9A49A1-A5DB-4D32-917D-0AD6DD4BC730}.Debug|Any CPU.Build.0 = Debug|Any CPU
		{6C9A49A1-A5DB-4D32-917D-0AD6DD4BC730}.Release|Any CPU.ActiveCfg = Release|Any CPU
		{6C9A49A1-A5DB-4D32-917D-0AD6DD4BC730}.Release|Any CPU.Build.0 = Release|Any CPU
		{E90DFAFC-CF10-43C0-AA6A-A3EB2752E959}.Debug|Any CPU.ActiveCfg = Debug|Any CPU
		{E90DFAFC-CF10-43C0-AA6A-A3EB2752E959}.Debug|Any CPU.Build.0 = Debug|Any CPU
		{E90DFAFC-CF10-43C0-AA6A-A3EB2752E959}.Release|Any CPU.ActiveCfg = Release|Any CPU
		{E90DFAFC-CF10-43C0-AA6A-A3EB2752E959}.Release|Any CPU.Build.0 = Release|Any CPU
	EndGlobalSection
	GlobalSection(NestedProjects) = preSolution
		{E90DFAFC-CF10-43C0-AA6A-A3EB2752E959} = {85BC74E0-E143-4CD1-84E2-7B2D2A8B5EEB}
		{837AE201-C89D-4F1D-B2EC-01F9B3C62F2A} = {85BC74E0-E143-4CD1-84E2-7B2D2A8B5EEB}
		{F7C215DC-96D2-47C9-8269-171D88F36E1F} = {CDA6CB47-265B-4472-833E-8043A940CEF7}
		{6C9A49A1-A5DB-4D32-917D-0AD6DD4BC730} = {F24D794F-0B11-4B73-9173-0AFB6C828D65}
	EndGlobalSection
EndGlobal
